
Microsoft Visual Studio Solution File, Format Version 12.00
# Visual Studio Version 17
VisualStudioVersion = 17.10.34928.147
MinimumVisualStudioVersion = 10.0.40219.1
Project("{FAE04EC0-301F-11D3-BF4B-00C04F79EFBC}") = "Acceso_a_Datos", "Acceso_a_Datos\Acceso_a_Datos.csproj", "{437F82AB-54BE-4D53-9297-95ACC8C7A61E}"
EndProject
Project("{FAE04EC0-301F-11D3-BF4B-00C04F79EFBC}") = "Logica_de_Negocios", "Logica_de_Negocios\Logica_de_Negocios.csproj", "{95FD0FB4-CF1C-4F5E-9A54-209C3340EC6A}"
EndProject
Project("{FAE04EC0-301F-11D3-BF4B-00C04F79EFBC}") = "MakyDG", "MakyDG\MakyDG.csproj", "{0947264A-E395-4731-A732-0F5FC8336531}"
EndProject
Global
	GlobalSection(SolutionConfigurationPlatforms) = preSolution
		Debug|Any CPU = Debug|Any CPU
		Release|Any CPU = Release|Any CPU
	EndGlobalSection
	GlobalSection(ProjectConfigurationPlatforms) = postSolution
		{437F82AB-54BE-4D53-9297-95ACC8C7A61E}.Debug|Any CPU.ActiveCfg = Debug|Any CPU
		{437F82AB-54BE-4D53-9297-95ACC8C7A61E}.Debug|Any CPU.Build.0 = Debug|Any CPU
		{437F82AB-54BE-4D53-9297-95ACC8C7A61E}.Release|Any CPU.ActiveCfg = Release|Any CPU
		{437F82AB-54BE-4D53-9297-95ACC8C7A61E}.Release|Any CPU.Build.0 = Release|Any CPU
		{95FD0FB4-CF1C-4F5E-9A54-209C3340EC6A}.Debug|Any CPU.ActiveCfg = Debug|Any CPU
		{95FD0FB4-CF1C-4F5E-9A54-209C3340EC6A}.Debug|Any CPU.Build.0 = Debug|Any CPU
		{95FD0FB4-CF1C-4F5E-9A54-209C3340EC6A}.Release|Any CPU.ActiveCfg = Release|Any CPU
		{95FD0FB4-CF1C-4F5E-9A54-209C3340EC6A}.Release|Any CPU.Build.0 = Release|Any CPU
		{0947264A-E395-4731-A732-0F5FC8336531}.Debug|Any CPU.ActiveCfg = Debug|Any CPU
		{0947264A-E395-4731-A732-0F5FC8336531}.Debug|Any CPU.Build.0 = Debug|Any CPU
		{0947264A-E395-4731-A732-0F5FC8336531}.Release|Any CPU.ActiveCfg = Release|Any CPU
		{0947264A-E395-4731-A732-0F5FC8336531}.Release|Any CPU.Build.0 = Release|Any CPU
	EndGlobalSection
	GlobalSection(SolutionProperties) = preSolution
		HideSolutionNode = FALSE
	EndGlobalSection
	GlobalSection(ExtensibilityGlobals) = postSolution
		SolutionGuid = {2CDC3AA6-20FE-4CD2-9CC2-EEE633B12D7F}
	EndGlobalSection
EndGlobal
